// !$*UTF8*$!
{
	archiveVersion = 1;
	classes = {
	};
	objectVersion = 46;
	objects = {

/* Begin PBXBuildFile section */
		607F3DDE1588BD470097D960 /* UIKit.framework in Frameworks */ = {isa = PBXBuildFile; fileRef = 607F3DDD1588BD470097D960 /* UIKit.framework */; };
		607F3DE01588BD470097D960 /* Foundation.framework in Frameworks */ = {isa = PBXBuildFile; fileRef = 607F3DDF1588BD470097D960 /* Foundation.framework */; };
		607F3DE21588BD470097D960 /* CoreGraphics.framework in Frameworks */ = {isa = PBXBuildFile; fileRef = 607F3DE11588BD470097D960 /* CoreGraphics.framework */; };
		607F3DE81588BD470097D960 /* InfoPlist.strings in Resources */ = {isa = PBXBuildFile; fileRef = 607F3DE61588BD470097D960 /* InfoPlist.strings */; };
		607F3DEA1588BD470097D960 /* main.m in Sources */ = {isa = PBXBuildFile; fileRef = 607F3DE91588BD470097D960 /* main.m */; };
		607F3DEE1588BD470097D960 /* AppDelegate.m in Sources */ = {isa = PBXBuildFile; fileRef = 607F3DED1588BD470097D960 /* AppDelegate.m */; };
		607F3DFD1588BDDF0097D960 /* MainViewController.m in Sources */ = {isa = PBXBuildFile; fileRef = 607F3DFB1588BDDF0097D960 /* MainViewController.m */; };
		607F3DFE1588BDDF0097D960 /* MainViewController.xib in Resources */ = {isa = PBXBuildFile; fileRef = 607F3DFC1588BDDF0097D960 /* MainViewController.xib */; };
		607F3E0F1588C1490097D960 /* libPadCMS-CocoaTouch-Core.a in Frameworks */ = {isa = PBXBuildFile; fileRef = 607F3E0B1588C1140097D960 /* libPadCMS-CocoaTouch-Core.a */; };
/* End PBXBuildFile section */

/* Begin PBXContainerItemProxy section */
		607F3E0A1588C1140097D960 /* PBXContainerItemProxy */ = {
			isa = PBXContainerItemProxy;
			containerPortal = 607F3E031588C1140097D960 /* PadCMS-CocoaTouch-Core.xcodeproj */;
			proxyType = 2;
			remoteGlobalIDString = 60891D941587971300894531;
			remoteInfo = "PadCMS-CocoaTouch-Core";
		};
		607F3E0D1588C1330097D960 /* PBXContainerItemProxy */ = {
			isa = PBXContainerItemProxy;
			containerPortal = 607F3E031588C1140097D960 /* PadCMS-CocoaTouch-Core.xcodeproj */;
			proxyType = 1;
			remoteGlobalIDString = 60891D931587971300894531;
			remoteInfo = "PadCMS-CocoaTouch-Core";
		};
/* End PBXContainerItemProxy section */

/* Begin PBXFileReference section */
		607F3DD91588BD460097D960 /* PadCMS-CocoaTouch-SampleApplication.app */ = {isa = PBXFileReference; explicitFileType = wrapper.application; includeInIndex = 0; path = "PadCMS-CocoaTouch-SampleApplication.app"; sourceTree = BUILT_PRODUCTS_DIR; };
		607F3DDD1588BD470097D960 /* UIKit.framework */ = {isa = PBXFileReference; lastKnownFileType = wrapper.framework; name = UIKit.framework; path = System/Library/Frameworks/UIKit.framework; sourceTree = SDKROOT; };
		607F3DDF1588BD470097D960 /* Foundation.framework */ = {isa = PBXFileReference; lastKnownFileType = wrapper.framework; name = Foundation.framework; path = System/Library/Frameworks/Foundation.framework; sourceTree = SDKROOT; };
		607F3DE11588BD470097D960 /* CoreGraphics.framework */ = {isa = PBXFileReference; lastKnownFileType = wrapper.framework; name = CoreGraphics.framework; path = System/Library/Frameworks/CoreGraphics.framework; sourceTree = SDKROOT; };
		607F3DE51588BD470097D960 /* PadCMS-CocoaTouch-SampleApplication-Info.plist */ = {isa = PBXFileReference; lastKnownFileType = text.plist.xml; path = "PadCMS-CocoaTouch-SampleApplication-Info.plist"; sourceTree = "<group>"; };
		607F3DE71588BD470097D960 /* en */ = {isa = PBXFileReference; lastKnownFileType = text.plist.strings; name = en; path = en.lproj/InfoPlist.strings; sourceTree = "<group>"; };
		607F3DE91588BD470097D960 /* main.m */ = {isa = PBXFileReference; lastKnownFileType = sourcecode.c.objc; path = main.m; sourceTree = "<group>"; };
		607F3DEB1588BD470097D960 /* PadCMS-CocoaTouch-SampleApplication-Prefix.pch */ = {isa = PBXFileReference; lastKnownFileType = sourcecode.c.h; path = "PadCMS-CocoaTouch-SampleApplication-Prefix.pch"; sourceTree = "<group>"; };
		607F3DEC1588BD470097D960 /* AppDelegate.h */ = {isa = PBXFileReference; lastKnownFileType = sourcecode.c.h; path = AppDelegate.h; sourceTree = "<group>"; };
		607F3DED1588BD470097D960 /* AppDelegate.m */ = {isa = PBXFileReference; lastKnownFileType = sourcecode.c.objc; path = AppDelegate.m; sourceTree = "<group>"; };
		607F3DFA1588BDDF0097D960 /* MainViewController.h */ = {isa = PBXFileReference; fileEncoding = 4; lastKnownFileType = sourcecode.c.h; path = MainViewController.h; sourceTree = "<group>"; };
		607F3DFB1588BDDF0097D960 /* MainViewController.m */ = {isa = PBXFileReference; fileEncoding = 4; lastKnownFileType = sourcecode.c.objc; path = MainViewController.m; sourceTree = "<group>"; };
		607F3DFC1588BDDF0097D960 /* MainViewController.xib */ = {isa = PBXFileReference; fileEncoding = 4; lastKnownFileType = file.xib; path = MainViewController.xib; sourceTree = "<group>"; };
		607F3E031588C1140097D960 /* PadCMS-CocoaTouch-Core.xcodeproj */ = {isa = PBXFileReference; lastKnownFileType = "wrapper.pb-project"; name = "PadCMS-CocoaTouch-Core.xcodeproj"; path = "PadCMS-CocoaTouch-Core/PadCMS-CocoaTouch-Core.xcodeproj"; sourceTree = "<group>"; };
/* End PBXFileReference section */

/* Begin PBXFrameworksBuildPhase section */
		607F3DD61588BD460097D960 /* Frameworks */ = {
			isa = PBXFrameworksBuildPhase;
			buildActionMask = 2147483647;
			files = (
				607F3E0F1588C1490097D960 /* libPadCMS-CocoaTouch-Core.a in Frameworks */,
				607F3DDE1588BD470097D960 /* UIKit.framework in Frameworks */,
				607F3DE01588BD470097D960 /* Foundation.framework in Frameworks */,
				607F3DE21588BD470097D960 /* CoreGraphics.framework in Frameworks */,
			);
			runOnlyForDeploymentPostprocessing = 0;
		};
/* End PBXFrameworksBuildPhase section */

/* Begin PBXGroup section */
		607F3DCE1588BD460097D960 = {
			isa = PBXGroup;
			children = (
				607F3E031588C1140097D960 /* PadCMS-CocoaTouch-Core.xcodeproj */,
				607F3DE31588BD470097D960 /* PadCMS-CocoaTouch-SampleApplication */,
				607F3DDC1588BD460097D960 /* Frameworks */,
				607F3DDA1588BD460097D960 /* Products */,
			);
			sourceTree = "<group>";
		};
		607F3DDA1588BD460097D960 /* Products */ = {
			isa = PBXGroup;
			children = (
				607F3DD91588BD460097D960 /* PadCMS-CocoaTouch-SampleApplication.app */,
			);
			name = Products;
			sourceTree = "<group>";
		};
		607F3DDC1588BD460097D960 /* Frameworks */ = {
			isa = PBXGroup;
			children = (
				607F3DDD1588BD470097D960 /* UIKit.framework */,
				607F3DDF1588BD470097D960 /* Foundation.framework */,
				607F3DE11588BD470097D960 /* CoreGraphics.framework */,
			);
			name = Frameworks;
			sourceTree = "<group>";
		};
		607F3DE31588BD470097D960 /* PadCMS-CocoaTouch-SampleApplication */ = {
			isa = PBXGroup;
			children = (
				607F3DEC1588BD470097D960 /* AppDelegate.h */,
				607F3DED1588BD470097D960 /* AppDelegate.m */,
				607F3DFA1588BDDF0097D960 /* MainViewController.h */,
				607F3DFB1588BDDF0097D960 /* MainViewController.m */,
				607F3DFC1588BDDF0097D960 /* MainViewController.xib */,
				607F3DE41588BD470097D960 /* Supporting Files */,
			);
			path = "PadCMS-CocoaTouch-SampleApplication";
			sourceTree = "<group>";
		};
		607F3DE41588BD470097D960 /* Supporting Files */ = {
			isa = PBXGroup;
			children = (
				607F3DE51588BD470097D960 /* PadCMS-CocoaTouch-SampleApplication-Info.plist */,
				607F3DE61588BD470097D960 /* InfoPlist.strings */,
				607F3DE91588BD470097D960 /* main.m */,
				607F3DEB1588BD470097D960 /* PadCMS-CocoaTouch-SampleApplication-Prefix.pch */,
			);
			name = "Supporting Files";
			sourceTree = "<group>";
		};
		607F3E041588C1140097D960 /* Products */ = {
			isa = PBXGroup;
			children = (
				607F3E0B1588C1140097D960 /* libPadCMS-CocoaTouch-Core.a */,
			);
			name = Products;
			sourceTree = "<group>";
		};
/* End PBXGroup section */

/* Begin PBXNativeTarget section */
		607F3DD81588BD460097D960 /* PadCMS-CocoaTouch-SampleApplication */ = {
			isa = PBXNativeTarget;
			buildConfigurationList = 607F3DF71588BD470097D960 /* Build configuration list for PBXNativeTarget "PadCMS-CocoaTouch-SampleApplication" */;
			buildPhases = (
				607F3DD51588BD460097D960 /* Sources */,
				607F3DD61588BD460097D960 /* Frameworks */,
				607F3DD71588BD460097D960 /* Resources */,
			);
			buildRules = (
			);
			dependencies = (
				607F3E0E1588C1330097D960 /* PBXTargetDependency */,
			);
			name = "PadCMS-CocoaTouch-SampleApplication";
			productName = "PadCMS-CocoaTouch-SampleApplication";
			productReference = 607F3DD91588BD460097D960 /* PadCMS-CocoaTouch-SampleApplication.app */;
			productType = "com.apple.product-type.application";
		};
/* End PBXNativeTarget section */

/* Begin PBXProject section */
		607F3DD01588BD460097D960 /* Project object */ = {
			isa = PBXProject;
			attributes = {
				LastUpgradeCheck = 0430;
			};
			buildConfigurationList = 607F3DD31588BD460097D960 /* Build configuration list for PBXProject "PadCMS-CocoaTouch-SampleApplication" */;
			compatibilityVersion = "Xcode 3.2";
			developmentRegion = English;
			hasScannedForEncodings = 0;
			knownRegions = (
				en,
			);
			mainGroup = 607F3DCE1588BD460097D960;
			productRefGroup = 607F3DDA1588BD460097D960 /* Products */;
			projectDirPath = "";
			projectReferences = (
				{
					ProductGroup = 607F3E041588C1140097D960 /* Products */;
					ProjectRef = 607F3E031588C1140097D960 /* PadCMS-CocoaTouch-Core.xcodeproj */;
				},
			);
			projectRoot = "";
			targets = (
				607F3DD81588BD460097D960 /* PadCMS-CocoaTouch-SampleApplication */,
			);
		};
/* End PBXProject section */

/* Begin PBXReferenceProxy section */
		607F3E0B1588C1140097D960 /* libPadCMS-CocoaTouch-Core.a */ = {
			isa = PBXReferenceProxy;
			fileType = archive.ar;
			path = "libPadCMS-CocoaTouch-Core.a";
			remoteRef = 607F3E0A1588C1140097D960 /* PBXContainerItemProxy */;
			sourceTree = BUILT_PRODUCTS_DIR;
		};
/* End PBXReferenceProxy section */

/* Begin PBXResourcesBuildPhase section */
		607F3DD71588BD460097D960 /* Resources */ = {
			isa = PBXResourcesBuildPhase;
			buildActionMask = 2147483647;
			files = (
				607F3DE81588BD470097D960 /* InfoPlist.strings in Resources */,
				607F3DFE1588BDDF0097D960 /* MainViewController.xib in Resources */,
			);
			runOnlyForDeploymentPostprocessing = 0;
		};
/* End PBXResourcesBuildPhase section */

/* Begin PBXSourcesBuildPhase section */
		607F3DD51588BD460097D960 /* Sources */ = {
			isa = PBXSourcesBuildPhase;
			buildActionMask = 2147483647;
			files = (
				607F3DEA1588BD470097D960 /* main.m in Sources */,
				607F3DEE1588BD470097D960 /* AppDelegate.m in Sources */,
				607F3DFD1588BDDF0097D960 /* MainViewController.m in Sources */,
			);
			runOnlyForDeploymentPostprocessing = 0;
		};
/* End PBXSourcesBuildPhase section */

/* Begin PBXTargetDependency section */
		607F3E0E1588C1330097D960 /* PBXTargetDependency */ = {
			isa = PBXTargetDependency;
			name = "PadCMS-CocoaTouch-Core";
			targetProxy = 607F3E0D1588C1330097D960 /* PBXContainerItemProxy */;
		};
/* End PBXTargetDependency section */

/* Begin PBXVariantGroup section */
		607F3DE61588BD470097D960 /* InfoPlist.strings */ = {
			isa = PBXVariantGroup;
			children = (
				607F3DE71588BD470097D960 /* en */,
			);
			name = InfoPlist.strings;
			sourceTree = "<group>";
		};
/* End PBXVariantGroup section */

/* Begin XCBuildConfiguration section */
		607F3DF51588BD470097D960 /* Debug */ = {
			isa = XCBuildConfiguration;
			buildSettings = {
				ALWAYS_SEARCH_USER_PATHS = NO;
				ARCHS = "$(ARCHS_STANDARD_32_BIT)";
				"CODE_SIGN_IDENTITY[sdk=iphoneos*]" = "iPhone Developer";
				COPY_PHASE_STRIP = NO;
				GCC_C_LANGUAGE_STANDARD = gnu99;
				GCC_DYNAMIC_NO_PIC = NO;
				GCC_OPTIMIZATION_LEVEL = 0;
				GCC_PREPROCESSOR_DEFINITIONS = (
					"DEBUG=1",
					"$(inherited)",
				);
				GCC_SYMBOLS_PRIVATE_EXTERN = NO;
				GCC_VERSION = com.apple.compilers.llvm.clang.1_0;
				GCC_WARN_ABOUT_RETURN_TYPE = YES;
				GCC_WARN_UNINITIALIZED_AUTOS = YES;
				GCC_WARN_UNUSED_VARIABLE = YES;
				IPHONEOS_DEPLOYMENT_TARGET = 5.1;
				SDKROOT = iphoneos;
				TARGETED_DEVICE_FAMILY = 2;
			};
			name = Debug;
		};
		607F3DF61588BD470097D960 /* Release */ = {
			isa = XCBuildConfiguration;
			buildSettings = {
				ALWAYS_SEARCH_USER_PATHS = NO;
				ARCHS = "$(ARCHS_STANDARD_32_BIT)";
				"CODE_SIGN_IDENTITY[sdk=iphoneos*]" = "iPhone Developer";
				COPY_PHASE_STRIP = YES;
				GCC_C_LANGUAGE_STANDARD = gnu99;
				GCC_VERSION = com.apple.compilers.llvm.clang.1_0;
				GCC_WARN_ABOUT_RETURN_TYPE = YES;
				GCC_WARN_UNINITIALIZED_AUTOS = YES;
				GCC_WARN_UNUSED_VARIABLE = YES;
				IPHONEOS_DEPLOYMENT_TARGET = 5.1;
				OTHER_CFLAGS = "-DNS_BLOCK_ASSERTIONS=1";
				SDKROOT = iphoneos;
				TARGETED_DEVICE_FAMILY = 2;
				VALIDATE_PRODUCT = YES;
			};
			name = Release;
		};
		607F3DF81588BD470097D960 /* Debug */ = {
			isa = XCBuildConfiguration;
			buildSettings = {
				GCC_PRECOMPILE_PREFIX_HEADER = YES;
				GCC_PREFIX_HEADER = "PadCMS-CocoaTouch-SampleApplication/PadCMS-CocoaTouch-SampleApplication-Prefix.pch";
				INFOPLIST_FILE = "PadCMS-CocoaTouch-SampleApplication/PadCMS-CocoaTouch-SampleApplication-Info.plist";
				PRODUCT_NAME = "$(TARGET_NAME)";
				WRAPPER_EXTENSION = app;
			};
			name = Debug;
		};
		607F3DF91588BD470097D960 /* Release */ = {
			isa = XCBuildConfiguration;
			buildSettings = {
				GCC_PRECOMPILE_PREFIX_HEADER = YES;
				GCC_PREFIX_HEADER = "PadCMS-CocoaTouch-SampleApplication/PadCMS-CocoaTouch-SampleApplication-Prefix.pch";
				INFOPLIST_FILE = "PadCMS-CocoaTouch-SampleApplication/PadCMS-CocoaTouch-SampleApplication-Info.plist";
				PRODUCT_NAME = "$(TARGET_NAME)";
				WRAPPER_EXTENSION = app;
			};
			name = Release;
		};
/* End XCBuildConfiguration section */

/* Begin XCConfigurationList section */
		607F3DD31588BD460097D960 /* Build configuration list for PBXProject "PadCMS-CocoaTouch-SampleApplication" */ = {
			isa = XCConfigurationList;
			buildConfigurations = (
				607F3DF51588BD470097D960 /* Debug */,
				607F3DF61588BD470097D960 /* Release */,
			);
			defaultConfigurationIsVisible = 0;
			defaultConfigurationName = Release;
		};
		607F3DF71588BD470097D960 /* Build configuration list for PBXNativeTarget "PadCMS-CocoaTouch-SampleApplication" */ = {
			isa = XCConfigurationList;
			buildConfigurations = (
				607F3DF81588BD470097D960 /* Debug */,
				607F3DF91588BD470097D960 /* Release */,
			);
			defaultConfigurationIsVisible = 0;
			defaultConfigurationName = Release;
		};
/* End XCConfigurationList section */
	};
	rootObject = 607F3DD01588BD460097D960 /* Project object */;
}
